
Microsoft Visual Studio Solution File, Format Version 12.00
# Visual Studio Version 17
VisualStudioVersion = 17.10.34814.14
MinimumVisualStudioVersion = 10.0.40219.1
Project("{9A19103F-16F7-4668-BE54-9A1E7A4F7556}") = "MinesweeperApiApp", "MinesweeperApiApp\MinesweeperApiApp.csproj", "{3E2BCD25-CDDD-4F0C-BA59-0A2196AD20C7}"
EndProject
Project("{2150E333-8FDC-42A3-9474-1A3956D46DE8}") = "Minesweeper", "Minesweeper", "{3C694499-6943-4F70-A022-784F13000AA9}"
EndProject
Project("{9A19103F-16F7-4668-BE54-9A1E7A4F7556}") = "MinesweeperGameLibrary", "MinesweeperGameLibrary\MinesweeperGameLibrary.csproj", "{C1CC828B-652C-48A1-8DE5-129A3D16873E}"
EndProject
Global
	GlobalSection(SolutionConfigurationPlatforms) = preSolution
		Debug|Any CPU = Debug|Any CPU
		Release|Any CPU = Release|Any CPU
	EndGlobalSection
	GlobalSection(ProjectConfigurationPlatforms) = postSolution
		{3E2BCD25-CDDD-4F0C-BA59-0A2196AD20C7}.Debug|Any CPU.ActiveCfg = Debug|Any CPU
		{3E2BCD25-CDDD-4F0C-BA59-0A2196AD20C7}.Debug|Any CPU.Build.0 = Debug|Any CPU
		{3E2BCD25-CDDD-4F0C-BA59-0A2196AD20C7}.Release|Any CPU.ActiveCfg = Release|Any CPU
		{3E2BCD25-CDDD-4F0C-BA59-0A2196AD20C7}.Release|Any CPU.Build.0 = Release|Any CPU
		{C1CC828B-652C-48A1-8DE5-129A3D16873E}.Debug|Any CPU.ActiveCfg = Debug|Any CPU
		{C1CC828B-652C-48A1-8DE5-129A3D16873E}.Debug|Any CPU.Build.0 = Debug|Any CPU
		{C1CC828B-652C-48A1-8DE5-129A3D16873E}.Release|Any CPU.ActiveCfg = Release|Any CPU
		{C1CC828B-652C-48A1-8DE5-129A3D16873E}.Release|Any CPU.Build.0 = Release|Any CPU
	EndGlobalSection
	GlobalSection(SolutionProperties) = preSolution
		HideSolutionNode = FALSE
	EndGlobalSection
	GlobalSection(NestedProjects) = preSolution
		{3E2BCD25-CDDD-4F0C-BA59-0A2196AD20C7} = {3C694499-6943-4F70-A022-784F13000AA9}
		{C1CC828B-652C-48A1-8DE5-129A3D16873E} = {3C694499-6943-4F70-A022-784F13000AA9}
	EndGlobalSection
	GlobalSection(ExtensibilityGlobals) = postSolution
		SolutionGuid = {D6443CC4-7C5C-47A2-BC45-E11351C75832}
	EndGlobalSection
EndGlobal
